
Microsoft Visual Studio Solution File, Format Version 12.00
# Visual Studio Version 16
VisualStudioVersion = 16.0.33801.447
MinimumVisualStudioVersion = 10.0.40219.1
Project("{FAE04EC0-301F-11D3-BF4B-00C04F79EFBC}") = "Data", "Data\Data.csproj", "{93FCEE08-04CA-4EF9-98D4-5F74D4B5506D}"
EndProject
Project("{FAE04EC0-301F-11D3-BF4B-00C04F79EFBC}") = "Quote2024", "Quote2024\Quote2024.csproj", "{D6940071-D9BC-49DE-81BE-B17C7254A4B7}"
EndProject
Global
	GlobalSection(SolutionConfigurationPlatforms) = preSolution
		Debug|Any CPU = Debug|Any CPU
		Release|Any CPU = Release|Any CPU
	EndGlobalSection
	GlobalSection(ProjectConfigurationPlatforms) = postSolution
		{93FCEE08-04CA-4EF9-98D4-5F74D4B5506D}.Debug|Any CPU.ActiveCfg = Debug|Any CPU
		{93FCEE08-04CA-4EF9-98D4-5F74D4B5506D}.Debug|Any CPU.Build.0 = Debug|Any CPU
		{93FCEE08-04CA-4EF9-98D4-5F74D4B5506D}.Release|Any CPU.ActiveCfg = Release|Any CPU
		{93FCEE08-04CA-4EF9-98D4-5F74D4B5506D}.Release|Any CPU.Build.0 = Release|Any CPU
		{D6940071-D9BC-49DE-81BE-B17C7254A4B7}.Debug|Any CPU.ActiveCfg = Debug|Any CPU
		{D6940071-D9BC-49DE-81BE-B17C7254A4B7}.Debug|Any CPU.Build.0 = Debug|Any CPU
		{D6940071-D9BC-49DE-81BE-B17C7254A4B7}.Release|Any CPU.ActiveCfg = Release|Any CPU
		{D6940071-D9BC-49DE-81BE-B17C7254A4B7}.Release|Any CPU.Build.0 = Release|Any CPU
	EndGlobalSection
	GlobalSection(SolutionProperties) = preSolution
		HideSolutionNode = FALSE
	EndGlobalSection
	GlobalSection(ExtensibilityGlobals) = postSolution
		SolutionGuid = {AEFEB262-1E4C-4BEB-8DEA-FF995F0CA82B}
	EndGlobalSection
EndGlobal
