
Microsoft Visual Studio Solution File, Format Version 12.00
# Visual Studio Version 16
VisualStudioVersion = 16.0.33801.447
MinimumVisualStudioVersion = 10.0.40219.1
Project("{9A19103F-16F7-4668-BE54-9A1E7A4F7556}") = "Data", "Data\Data.csproj", "{93FCEE08-04CA-4EF9-98D4-5F74D4B5506D}"
EndProject
Project("{9A19103F-16F7-4668-BE54-9A1E7A4F7556}") = "Quote2024", "Quote2024\Quote2024.csproj", "{D6940071-D9BC-49DE-81BE-B17C7254A4B7}"
EndProject
Project("{2150E333-8FDC-42A3-9474-1A3956D46DE8}") = "Solution Items", "Solution Items", "{A5939CC9-3297-4C29-89A6-5C02F0535806}"
	ProjectSection(SolutionItems) = preProject
		Policies.txt = Policies.txt
		Scanner.Results.txt = Scanner.Results.txt
	EndProjectSection
EndProject
Project("{9A19103F-16F7-4668-BE54-9A1E7A4F7556}") = "Tests", "Tests\Tests.csproj", "{09190B25-7BE6-47BB-9E2F-E380DA7967F1}"
EndProject
Project("{FAE04EC0-301F-11D3-BF4B-00C04F79EFBC}") = "WebSocketClientApp", "WebSocketClientApp\WebSocketClientApp.csproj", "{8A1B9654-561C-49D5-8CE3-8BF5FA8A7F06}"
EndProject
Global
	GlobalSection(SolutionConfigurationPlatforms) = preSolution
		Debug|Any CPU = Debug|Any CPU
		Release|Any CPU = Release|Any CPU
	EndGlobalSection
	GlobalSection(ProjectConfigurationPlatforms) = postSolution
		{93FCEE08-04CA-4EF9-98D4-5F74D4B5506D}.Debug|Any CPU.ActiveCfg = Debug|Any CPU
		{93FCEE08-04CA-4EF9-98D4-5F74D4B5506D}.Debug|Any CPU.Build.0 = Debug|Any CPU
		{93FCEE08-04CA-4EF9-98D4-5F74D4B5506D}.Release|Any CPU.ActiveCfg = Release|Any CPU
		{93FCEE08-04CA-4EF9-98D4-5F74D4B5506D}.Release|Any CPU.Build.0 = Release|Any CPU
		{D6940071-D9BC-49DE-81BE-B17C7254A4B7}.Debug|Any CPU.ActiveCfg = Debug|Any CPU
		{D6940071-D9BC-49DE-81BE-B17C7254A4B7}.Debug|Any CPU.Build.0 = Debug|Any CPU
		{D6940071-D9BC-49DE-81BE-B17C7254A4B7}.Release|Any CPU.ActiveCfg = Release|Any CPU
		{D6940071-D9BC-49DE-81BE-B17C7254A4B7}.Release|Any CPU.Build.0 = Release|Any CPU
		{09190B25-7BE6-47BB-9E2F-E380DA7967F1}.Debug|Any CPU.ActiveCfg = Debug|Any CPU
		{09190B25-7BE6-47BB-9E2F-E380DA7967F1}.Debug|Any CPU.Build.0 = Debug|Any CPU
		{09190B25-7BE6-47BB-9E2F-E380DA7967F1}.Release|Any CPU.ActiveCfg = Release|Any CPU
		{09190B25-7BE6-47BB-9E2F-E380DA7967F1}.Release|Any CPU.Build.0 = Release|Any CPU
		{8A1B9654-561C-49D5-8CE3-8BF5FA8A7F06}.Debug|Any CPU.ActiveCfg = Debug|Any CPU
		{8A1B9654-561C-49D5-8CE3-8BF5FA8A7F06}.Debug|Any CPU.Build.0 = Debug|Any CPU
		{8A1B9654-561C-49D5-8CE3-8BF5FA8A7F06}.Release|Any CPU.ActiveCfg = Release|Any CPU
		{8A1B9654-561C-49D5-8CE3-8BF5FA8A7F06}.Release|Any CPU.Build.0 = Release|Any CPU
	EndGlobalSection
	GlobalSection(SolutionProperties) = preSolution
		HideSolutionNode = FALSE
	EndGlobalSection
	GlobalSection(ExtensibilityGlobals) = postSolution
		SolutionGuid = {AEFEB262-1E4C-4BEB-8DEA-FF995F0CA82B}
	EndGlobalSection
EndGlobal
